
Microsoft Visual Studio Solution File, Format Version 12.00
# Visual Studio Version 16
VisualStudioVersion = 16.0.32901.82
MinimumVisualStudioVersion = 10.0.40219.1
Project("{FAE04EC0-301F-11D3-BF4B-00C04F79EFBC}") = "Moda Americana", "Moda Americana\Moda Americana.csproj", "{F97704E1-FB95-40D6-BFE2-C6E1E12C68A9}"
EndProject
Global
	GlobalSection(SolutionConfigurationPlatforms) = preSolution
		Debug|Any CPU = Debug|Any CPU
		Release|Any CPU = Release|Any CPU
	EndGlobalSection
	GlobalSection(ProjectConfigurationPlatforms) = postSolution
		{F97704E1-FB95-40D6-BFE2-C6E1E12C68A9}.Debug|Any CPU.ActiveCfg = Debug|Any CPU
		{F97704E1-FB95-40D6-BFE2-C6E1E12C68A9}.Debug|Any CPU.Build.0 = Debug|Any CPU
		{F97704E1-FB95-40D6-BFE2-C6E1E12C68A9}.Release|Any CPU.ActiveCfg = Release|Any CPU
		{F97704E1-FB95-40D6-BFE2-C6E1E12C68A9}.Release|Any CPU.Build.0 = Release|Any CPU
	EndGlobalSection
	GlobalSection(SolutionProperties) = preSolution
		HideSolutionNode = FALSE
	EndGlobalSection
	GlobalSection(ExtensibilityGlobals) = postSolution
		SolutionGuid = {64A0D6AB-5C24-4AA6-AA77-6684BD272763}
	EndGlobalSection
EndGlobal
